
Microsoft Visual Studio Solution File, Format Version 12.00
# Visual Studio Version 17
VisualStudioVersion = 17.5.002.0
MinimumVisualStudioVersion = 10.0.40219.1
Project("{9A19103F-16F7-4668-BE54-9A1E7A4F7556}") = "API", "API.csproj", "{23BF4C4A-0FA0-4FFA-B87D-F23122A4F454}"
EndProject
Global
	GlobalSection(SolutionConfigurationPlatforms) = preSolution
		Debug|Any CPU = Debug|Any CPU
		Release|Any CPU = Release|Any CPU
	EndGlobalSection
	GlobalSection(ProjectConfigurationPlatforms) = postSolution
		{23BF4C4A-0FA0-4FFA-B87D-F23122A4F454}.Debug|Any CPU.ActiveCfg = Debug|Any CPU
		{23BF4C4A-0FA0-4FFA-B87D-F23122A4F454}.Debug|Any CPU.Build.0 = Debug|Any CPU
		{23BF4C4A-0FA0-4FFA-B87D-F23122A4F454}.Release|Any CPU.ActiveCfg = Release|Any CPU
		{23BF4C4A-0FA0-4FFA-B87D-F23122A4F454}.Release|Any CPU.Build.0 = Release|Any CPU
	EndGlobalSection
	GlobalSection(SolutionProperties) = preSolution
		HideSolutionNode = FALSE
	EndGlobalSection
	GlobalSection(ExtensibilityGlobals) = postSolution
		SolutionGuid = {72C83F86-13DA-45FA-A775-A361561E13DA}
	EndGlobalSection
EndGlobal
